{
  "name": "adk-fullstack-deploy-tutorial",
  "lockfileVersion": 3,
  "requires": true,
  "packages": {
    "": {
      "dependencies": {
        "make-cli": "^5.0.1"
      }
    },
    "node_modules/@dword-design/defu": {
      "version": "1.0.3",
      "resolved": "https://registry.npmjs.org/@dword-design/defu/-/defu-1.0.3.tgz",
      "integrity": "sha512-QEM8a6CPIrMvudnuNDwr3IxWJ0dcMKG9tgxt3zuPk/NmXV0ejk4qxQJ1PfquJwRzu59UsqNpUAACMG485VMIUA==",
      "license": "MIT",
      "dependencies": {
        "defu": "^6.1.4"
      },
      "engines": {
        "node": ">=18"
      },
      "funding": {
        "url": "https://github.com/sponsors/dword-design"
      }
    },
    "node_modules/commander": {
      "version": "14.0.0",
      "resolved": "https://registry.npmjs.org/commander/-/commander-14.0.0.tgz",
      "integrity": "sha512-2uM9rYjPvyq39NwLRqaiLtWHyDC1FvryJDa2ATTVims5YAS4PupsEQsDvP14FqhFr0P49CYDugi59xaxJlTXRA==",
      "license": "MIT",
      "engines": {
        "node": ">=20"
      }
    },
    "node_modules/defu": {
      "version": "6.1.4",
      "resolved": "https://registry.npmjs.org/defu/-/defu-6.1.4.tgz",
      "integrity": "sha512-mEQCMmwJu317oSz8CwdIOdwf3xMif1ttiM8LTufzc3g6kR+9Pe236twL8j3IYT1F7GfRgGcW6MWxzZjLIkuHIg==",
      "license": "MIT"
    },
    "node_modules/lodash-es": {
      "version": "4.17.21",
      "resolved": "https://registry.npmjs.org/lodash-es/-/lodash-es-4.17.21.tgz",
      "integrity": "sha512-mKnC+QJ9pWVzv+C4/U3rRsHapFfHvQFoFB92e52xeyGMcX6/OlIl78je1u8vePzYZSkkogMPJ2yjxxsb89cxyw==",
      "license": "MIT"
    },
    "node_modules/make-cli": {
      "version": "5.0.1",
      "resolved": "https://registry.npmjs.org/make-cli/-/make-cli-5.0.1.tgz",
      "integrity": "sha512-ctkbAZGgedephe7+GXXk16s4wAbTG+imrNbiKSKu+TvI/iEE0S1SctkDb33reELT8+VFnb40ecxI7lSuqMKoRQ==",
      "license": "MIT",
      "dependencies": {
        "@dword-design/defu": "^1.0.3",
        "commander": "^14.0.0",
        "lodash-es": "^4.17.21",
        "p-is-promise": "^4.0.0"
      },
      "engines": {
        "node": ">=20"
      },
      "funding": {
        "url": "https://github.com/sponsors/dword-design"
      }
    },
    "node_modules/p-is-promise": {
      "version": "4.0.0",
      "resolved": "https://registry.npmjs.org/p-is-promise/-/p-is-promise-4.0.0.tgz",
      "integrity": "sha512-4G3B+86qsIAX/+ip/yhHX9WUcyFKYkQYtE5bGkjpZyGK0Re53RbHky2UKt6RQVkDbUXb8EJRb4iga2SaI360nQ==",
      "license": "MIT",
      "engines": {
        "node": ">=12"
      },
      "funding": {
        "url": "https://github.com/sponsors/sindresorhus"
      }
    }
  }
}
